// !$*UTF8*$!
{
	archiveVersion = 1;
	classes = {
	};
	objectVersion = 50;
	objects = {

/* Begin PBXGroup section */
		5CC66F6524B60A83005293FB = {
			isa = PBXGroup;
			children = (
			);
			sourceTree = "<group>";
		};
/* End PBXGroup section */

/* Begin PBXProject section */
		5CC66F6624B60A83005293FB /* Project object */ = {
			isa = PBXProject;
			attributes = {
				LastUpgradeCheck = 1150;
			};
			buildConfigurationList = 5CC66F6924B60A83005293FB /* Build configuration list for PBXProject "StringCalculator" */;
			compatibilityVersion = "Xcode 9.3";
			developmentRegion = en;
			hasScannedForEncodings = 0;
			knownRegions = (
				en,
				Base,
			);
			mainGroup = 5CC66F6524B60A83005293FB;
			projectDirPath = "";
			projectRoot = "";
			targets = (
			);
		};
/* End PBXProject section */

/* Begin XCBuildConfiguration section */
		5CC66F6A24B60A83005293FB /* Debug */ = {
			isa = XCBuildConfiguration;
			buildSettings = {
			};
			name = Debug;
		};
		5CC66F6B24B60A83005293FB /* Release */ = {
			isa = XCBuildConfiguration;
			buildSettings = {
			};
			name = Release;
		};
/* End XCBuildConfiguration section */

/* Begin XCConfigurationList section */
		5CC66F6924B60A83005293FB /* Build configuration list for PBXProject "StringCalculator" */ = {
			isa = XCConfigurationList;
			buildConfigurations = (
				5CC66F6A24B60A83005293FB /* Debug */,
				5CC66F6B24B60A83005293FB /* Release */,
			);
			defaultConfigurationIsVisible = 0;
			defaultConfigurationName = Release;
		};
/* End XCConfigurationList section */
	};
	rootObject = 5CC66F6624B60A83005293FB /* Project object */;
}
