// !$*UTF8*$!
{
	archiveVersion = 1;
	classes = {
	};
	objectVersion = 50;
	objects = {

/* Begin PBXBuildFile section */
		5CC66F7A24B60C7E005293FB /* AppDelegate.swift in Sources */ = {isa = PBXBuildFile; fileRef = 5CC66F7924B60C7E005293FB /* AppDelegate.swift */; };
		5CC66F7C24B60C7E005293FB /* SceneDelegate.swift in Sources */ = {isa = PBXBuildFile; fileRef = 5CC66F7B24B60C7E005293FB /* SceneDelegate.swift */; };
		5CC66F7E24B60C7E005293FB /* ViewController.swift in Sources */ = {isa = PBXBuildFile; fileRef = 5CC66F7D24B60C7E005293FB /* ViewController.swift */; };
		5CC66F8124B60C7E005293FB /* Main.storyboard in Resources */ = {isa = PBXBuildFile; fileRef = 5CC66F7F24B60C7E005293FB /* Main.storyboard */; };
		5CC66F8324B60C81005293FB /* Assets.xcassets in Resources */ = {isa = PBXBuildFile; fileRef = 5CC66F8224B60C81005293FB /* Assets.xcassets */; };
		5CC66F8624B60C81005293FB /* LaunchScreen.storyboard in Resources */ = {isa = PBXBuildFile; fileRef = 5CC66F8424B60C81005293FB /* LaunchScreen.storyboard */; };
		5CC66F9124B60C81005293FB /* StringCalculatorTests.swift in Sources */ = {isa = PBXBuildFile; fileRef = 5CC66F9024B60C81005293FB /* StringCalculatorTests.swift */; };
		5CC66F9C24B60D0A005293FB /* StringCalculator.swift in Sources */ = {isa = PBXBuildFile; fileRef = 5CC66F9B24B60D0A005293FB /* StringCalculator.swift */; };
		5CC66F9D24B60D0A005293FB /* StringCalculator.swift in Sources */ = {isa = PBXBuildFile; fileRef = 5CC66F9B24B60D0A005293FB /* StringCalculator.swift */; };
/* End PBXBuildFile section */

/* Begin PBXContainerItemProxy section */
		5CC66F8D24B60C81005293FB /* PBXContainerItemProxy */ = {
			isa = PBXContainerItemProxy;
			containerPortal = 5CC66F6E24B60C7E005293FB /* Project object */;
			proxyType = 1;
			remoteGlobalIDString = 5CC66F7524B60C7E005293FB;
			remoteInfo = StringCalculator;
		};
/* End PBXContainerItemProxy section */

/* Begin PBXFileReference section */
		5CC66F7624B60C7E005293FB /* StringCalculator.app */ = {isa = PBXFileReference; explicitFileType = wrapper.application; includeInIndex = 0; path = StringCalculator.app; sourceTree = BUILT_PRODUCTS_DIR; };
		5CC66F7924B60C7E005293FB /* AppDelegate.swift */ = {isa = PBXFileReference; lastKnownFileType = sourcecode.swift; path = AppDelegate.swift; sourceTree = "<group>"; };
		5CC66F7B24B60C7E005293FB /* SceneDelegate.swift */ = {isa = PBXFileReference; lastKnownFileType = sourcecode.swift; path = SceneDelegate.swift; sourceTree = "<group>"; };
		5CC66F7D24B60C7E005293FB /* ViewController.swift */ = {isa = PBXFileReference; lastKnownFileType = sourcecode.swift; path = ViewController.swift; sourceTree = "<group>"; };
		5CC66F8024B60C7E005293FB /* Base */ = {isa = PBXFileReference; lastKnownFileType = file.storyboard; name = Base; path = Base.lproj/Main.storyboard; sourceTree = "<group>"; };
		5CC66F8224B60C81005293FB /* Assets.xcassets */ = {isa = PBXFileReference; lastKnownFileType = folder.assetcatalog; path = Assets.xcassets; sourceTree = "<group>"; };
		5CC66F8524B60C81005293FB /* Base */ = {isa = PBXFileReference; lastKnownFileType = file.storyboard; name = Base; path = Base.lproj/LaunchScreen.storyboard; sourceTree = "<group>"; };
		5CC66F8724B60C81005293FB /* Info.plist */ = {isa = PBXFileReference; lastKnownFileType = text.plist.xml; path = Info.plist; sourceTree = "<group>"; };
		5CC66F8C24B60C81005293FB /* StringCalculatorTests.xctest */ = {isa = PBXFileReference; explicitFileType = wrapper.cfbundle; includeInIndex = 0; path = StringCalculatorTests.xctest; sourceTree = BUILT_PRODUCTS_DIR; };
		5CC66F9024B60C81005293FB /* StringCalculatorTests.swift */ = {isa = PBXFileReference; lastKnownFileType = sourcecode.swift; path = StringCalculatorTests.swift; sourceTree = "<group>"; };
		5CC66F9224B60C81005293FB /* Info.plist */ = {isa = PBXFileReference; lastKnownFileType = text.plist.xml; path = Info.plist; sourceTree = "<group>"; };
		5CC66F9B24B60D0A005293FB /* StringCalculator.swift */ = {isa = PBXFileReference; lastKnownFileType = sourcecode.swift; path = StringCalculator.swift; sourceTree = "<group>"; };
/* End PBXFileReference section */

/* Begin PBXFrameworksBuildPhase section */
		5CC66F7324B60C7E005293FB /* Frameworks */ = {
			isa = PBXFrameworksBuildPhase;
			buildActionMask = 2147483647;
			files = (
			);
			runOnlyForDeploymentPostprocessing = 0;
		};
		5CC66F8924B60C81005293FB /* Frameworks */ = {
			isa = PBXFrameworksBuildPhase;
			buildActionMask = 2147483647;
			files = (
			);
			runOnlyForDeploymentPostprocessing = 0;
		};
/* End PBXFrameworksBuildPhase section */

/* Begin PBXGroup section */
		5CC66F6D24B60C7E005293FB = {
			isa = PBXGroup;
			children = (
				5CC66F7824B60C7E005293FB /* StringCalculator */,
				5CC66F8F24B60C81005293FB /* StringCalculatorTests */,
				5CC66F7724B60C7E005293FB /* Products */,
			);
			sourceTree = "<group>";
		};
		5CC66F7724B60C7E005293FB /* Products */ = {
			isa = PBXGroup;
			children = (
				5CC66F7624B60C7E005293FB /* StringCalculator.app */,
				5CC66F8C24B60C81005293FB /* StringCalculatorTests.xctest */,
			);
			name = Products;
			sourceTree = "<group>";
		};
		5CC66F7824B60C7E005293FB /* StringCalculator */ = {
			isa = PBXGroup;
			children = (
				5CC66F7924B60C7E005293FB /* AppDelegate.swift */,
				5CC66F7B24B60C7E005293FB /* SceneDelegate.swift */,
				5CC66F7D24B60C7E005293FB /* ViewController.swift */,
				5CC66F7F24B60C7E005293FB /* Main.storyboard */,
				5CC66F8224B60C81005293FB /* Assets.xcassets */,
				5CC66F8424B60C81005293FB /* LaunchScreen.storyboard */,
				5CC66F8724B60C81005293FB /* Info.plist */,
				5CC66F9B24B60D0A005293FB /* StringCalculator.swift */,
			);
			path = StringCalculator;
			sourceTree = "<group>";
		};
		5CC66F8F24B60C81005293FB /* StringCalculatorTests */ = {
			isa = PBXGroup;
			children = (
				5CC66F9024B60C81005293FB /* StringCalculatorTests.swift */,
				5CC66F9224B60C81005293FB /* Info.plist */,
			);
			path = StringCalculatorTests;
			sourceTree = "<group>";
		};
/* End PBXGroup section */

/* Begin PBXNativeTarget section */
		5CC66F7524B60C7E005293FB /* StringCalculator */ = {
			isa = PBXNativeTarget;
			buildConfigurationList = 5CC66F9524B60C81005293FB /* Build configuration list for PBXNativeTarget "StringCalculator" */;
			buildPhases = (
				5CC66F7224B60C7E005293FB /* Sources */,
				5CC66F7324B60C7E005293FB /* Frameworks */,
				5CC66F7424B60C7E005293FB /* Resources */,
			);
			buildRules = (
			);
			dependencies = (
			);
			name = StringCalculator;
			productName = StringCalculator;
			productReference = 5CC66F7624B60C7E005293FB /* StringCalculator.app */;
			productType = "com.apple.product-type.application";
		};
		5CC66F8B24B60C81005293FB /* StringCalculatorTests */ = {
			isa = PBXNativeTarget;
			buildConfigurationList = 5CC66F9824B60C81005293FB /* Build configuration list for PBXNativeTarget "StringCalculatorTests" */;
			buildPhases = (
				5CC66F8824B60C81005293FB /* Sources */,
				5CC66F8924B60C81005293FB /* Frameworks */,
				5CC66F8A24B60C81005293FB /* Resources */,
			);
			buildRules = (
			);
			dependencies = (
				5CC66F8E24B60C81005293FB /* PBXTargetDependency */,
			);
			name = StringCalculatorTests;
			productName = StringCalculatorTests;
			productReference = 5CC66F8C24B60C81005293FB /* StringCalculatorTests.xctest */;
			productType = "com.apple.product-type.bundle.unit-test";
		};
/* End PBXNativeTarget section */

/* Begin PBXProject section */
		5CC66F6E24B60C7E005293FB /* Project object */ = {
			isa = PBXProject;
			attributes = {
				LastSwiftUpdateCheck = 1150;
				LastUpgradeCheck = 1150;
				ORGANIZATIONNAME = "Sonia Biatel";
				TargetAttributes = {
					5CC66F7524B60C7E005293FB = {
						CreatedOnToolsVersion = 11.5;
					};
					5CC66F8B24B60C81005293FB = {
						CreatedOnToolsVersion = 11.5;
						TestTargetID = 5CC66F7524B60C7E005293FB;
					};
				};
			};
			buildConfigurationList = 5CC66F7124B60C7E005293FB /* Build configuration list for PBXProject "StringCalculator" */;
			compatibilityVersion = "Xcode 9.3";
			developmentRegion = en;
			hasScannedForEncodings = 0;
			knownRegions = (
				en,
				Base,
			);
			mainGroup = 5CC66F6D24B60C7E005293FB;
			productRefGroup = 5CC66F7724B60C7E005293FB /* Products */;
			projectDirPath = "";
			projectRoot = "";
			targets = (
				5CC66F7524B60C7E005293FB /* StringCalculator */,
				5CC66F8B24B60C81005293FB /* StringCalculatorTests */,
			);
		};
/* End PBXProject section */

/* Begin PBXResourcesBuildPhase section */
		5CC66F7424B60C7E005293FB /* Resources */ = {
			isa = PBXResourcesBuildPhase;
			buildActionMask = 2147483647;
			files = (
				5CC66F8624B60C81005293FB /* LaunchScreen.storyboard in Resources */,
				5CC66F8324B60C81005293FB /* Assets.xcassets in Resources */,
				5CC66F8124B60C7E005293FB /* Main.storyboard in Resources */,
			);
			runOnlyForDeploymentPostprocessing = 0;
		};
		5CC66F8A24B60C81005293FB /* Resources */ = {
			isa = PBXResourcesBuildPhase;
			buildActionMask = 2147483647;
			files = (
			);
			runOnlyForDeploymentPostprocessing = 0;
		};
/* End PBXResourcesBuildPhase section */

/* Begin PBXSourcesBuildPhase section */
		5CC66F7224B60C7E005293FB /* Sources */ = {
			isa = PBXSourcesBuildPhase;
			buildActionMask = 2147483647;
			files = (
				5CC66F7E24B60C7E005293FB /* ViewController.swift in Sources */,
				5CC66F7A24B60C7E005293FB /* AppDelegate.swift in Sources */,
				5CC66F9C24B60D0A005293FB /* StringCalculator.swift in Sources */,
				5CC66F7C24B60C7E005293FB /* SceneDelegate.swift in Sources */,
			);
			runOnlyForDeploymentPostprocessing = 0;
		};
		5CC66F8824B60C81005293FB /* Sources */ = {
			isa = PBXSourcesBuildPhase;
			buildActionMask = 2147483647;
			files = (
				5CC66F9D24B60D0A005293FB /* StringCalculator.swift in Sources */,
				5CC66F9124B60C81005293FB /* StringCalculatorTests.swift in Sources */,
			);
			runOnlyForDeploymentPostprocessing = 0;
		};
/* End PBXSourcesBuildPhase section */

/* Begin PBXTargetDependency section */
		5CC66F8E24B60C81005293FB /* PBXTargetDependency */ = {
			isa = PBXTargetDependency;
			target = 5CC66F7524B60C7E005293FB /* StringCalculator */;
			targetProxy = 5CC66F8D24B60C81005293FB /* PBXContainerItemProxy */;
		};
/* End PBXTargetDependency section */

/* Begin PBXVariantGroup section */
		5CC66F7F24B60C7E005293FB /* Main.storyboard */ = {
			isa = PBXVariantGroup;
			children = (
				5CC66F8024B60C7E005293FB /* Base */,
			);
			name = Main.storyboard;
			sourceTree = "<group>";
		};
		5CC66F8424B60C81005293FB /* LaunchScreen.storyboard */ = {
			isa = PBXVariantGroup;
			children = (
				5CC66F8524B60C81005293FB /* Base */,
			);
			name = LaunchScreen.storyboard;
			sourceTree = "<group>";
		};
/* End PBXVariantGroup section */

/* Begin XCBuildConfiguration section */
		5CC66F9324B60C81005293FB /* Debug */ = {
			isa = XCBuildConfiguration;
			buildSettings = {
				ALWAYS_SEARCH_USER_PATHS = NO;
				CLANG_ANALYZER_NONNULL = YES;
				CLANG_ANALYZER_NUMBER_OBJECT_CONVERSION = YES_AGGRESSIVE;
				CLANG_CXX_LANGUAGE_STANDARD = "gnu++14";
				CLANG_CXX_LIBRARY = "libc++";
				CLANG_ENABLE_MODULES = YES;
				CLANG_ENABLE_OBJC_ARC = YES;
				CLANG_ENABLE_OBJC_WEAK = YES;
				CLANG_WARN_BLOCK_CAPTURE_AUTORELEASING = YES;
				CLANG_WARN_BOOL_CONVERSION = YES;
				CLANG_WARN_COMMA = YES;
				CLANG_WARN_CONSTANT_CONVERSION = YES;
				CLANG_WARN_DEPRECATED_OBJC_IMPLEMENTATIONS = YES;
				CLANG_WARN_DIRECT_OBJC_ISA_USAGE = YES_ERROR;
				CLANG_WARN_DOCUMENTATION_COMMENTS = YES;
				CLANG_WARN_EMPTY_BODY = YES;
				CLANG_WARN_ENUM_CONVERSION = YES;
				CLANG_WARN_INFINITE_RECURSION = YES;
				CLANG_WARN_INT_CONVERSION = YES;
				CLANG_WARN_NON_LITERAL_NULL_CONVERSION = YES;
				CLANG_WARN_OBJC_IMPLICIT_RETAIN_SELF = YES;
				CLANG_WARN_OBJC_LITERAL_CONVERSION = YES;
				CLANG_WARN_OBJC_ROOT_CLASS = YES_ERROR;
				CLANG_WARN_RANGE_LOOP_ANALYSIS = YES;
				CLANG_WARN_STRICT_PROTOTYPES = YES;
				CLANG_WARN_SUSPICIOUS_MOVE = YES;
				CLANG_WARN_UNGUARDED_AVAILABILITY = YES_AGGRESSIVE;
				CLANG_WARN_UNREACHABLE_CODE = YES;
				CLANG_WARN__DUPLICATE_METHOD_MATCH = YES;
				COPY_PHASE_STRIP = NO;
				DEBUG_INFORMATION_FORMAT = dwarf;
				ENABLE_STRICT_OBJC_MSGSEND = YES;
				ENABLE_TESTABILITY = YES;
				GCC_C_LANGUAGE_STANDARD = gnu11;
				GCC_DYNAMIC_NO_PIC = NO;
				GCC_NO_COMMON_BLOCKS = YES;
				GCC_OPTIMIZATION_LEVEL = 0;
				GCC_PREPROCESSOR_DEFINITIONS = (
					"DEBUG=1",
					"$(inherited)",
				);
				GCC_WARN_64_TO_32_BIT_CONVERSION = YES;
				GCC_WARN_ABOUT_RETURN_TYPE = YES_ERROR;
				GCC_WARN_UNDECLARED_SELECTOR = YES;
				GCC_WARN_UNINITIALIZED_AUTOS = YES_AGGRESSIVE;
				GCC_WARN_UNUSED_FUNCTION = YES;
				GCC_WARN_UNUSED_VARIABLE = YES;
				IPHONEOS_DEPLOYMENT_TARGET = 13.5;
				MTL_ENABLE_DEBUG_INFO = INCLUDE_SOURCE;
				MTL_FAST_MATH = YES;
				ONLY_ACTIVE_ARCH = YES;
				SDKROOT = iphoneos;
				SWIFT_ACTIVE_COMPILATION_CONDITIONS = DEBUG;
				SWIFT_OPTIMIZATION_LEVEL = "-Onone";
			};
			name = Debug;
		};
		5CC66F9424B60C81005293FB /* Release */ = {
			isa = XCBuildConfiguration;
			buildSettings = {
				ALWAYS_SEARCH_USER_PATHS = NO;
				CLANG_ANALYZER_NONNULL = YES;
				CLANG_ANALYZER_NUMBER_OBJECT_CONVERSION = YES_AGGRESSIVE;
				CLANG_CXX_LANGUAGE_STANDARD = "gnu++14";
				CLANG_CXX_LIBRARY = "libc++";
				CLANG_ENABLE_MODULES = YES;
				CLANG_ENABLE_OBJC_ARC = YES;
				CLANG_ENABLE_OBJC_WEAK = YES;
				CLANG_WARN_BLOCK_CAPTURE_AUTORELEASING = YES;
				CLANG_WARN_BOOL_CONVERSION = YES;
				CLANG_WARN_COMMA = YES;
				CLANG_WARN_CONSTANT_CONVERSION = YES;
				CLANG_WARN_DEPRECATED_OBJC_IMPLEMENTATIONS = YES;
				CLANG_WARN_DIRECT_OBJC_ISA_USAGE = YES_ERROR;
				CLANG_WARN_DOCUMENTATION_COMMENTS = YES;
				CLANG_WARN_EMPTY_BODY = YES;
				CLANG_WARN_ENUM_CONVERSION = YES;
				CLANG_WARN_INFINITE_RECURSION = YES;
				CLANG_WARN_INT_CONVERSION = YES;
				CLANG_WARN_NON_LITERAL_NULL_CONVERSION = YES;
				CLANG_WARN_OBJC_IMPLICIT_RETAIN_SELF = YES;
				CLANG_WARN_OBJC_LITERAL_CONVERSION = YES;
				CLANG_WARN_OBJC_ROOT_CLASS = YES_ERROR;
				CLANG_WARN_RANGE_LOOP_ANALYSIS = YES;
				CLANG_WARN_STRICT_PROTOTYPES = YES;
				CLANG_WARN_SUSPICIOUS_MOVE = YES;
				CLANG_WARN_UNGUARDED_AVAILABILITY = YES_AGGRESSIVE;
				CLANG_WARN_UNREACHABLE_CODE = YES;
				CLANG_WARN__DUPLICATE_METHOD_MATCH = YES;
				COPY_PHASE_STRIP = NO;
				DEBUG_INFORMATION_FORMAT = "dwarf-with-dsym";
				ENABLE_NS_ASSERTIONS = NO;
				ENABLE_STRICT_OBJC_MSGSEND = YES;
				GCC_C_LANGUAGE_STANDARD = gnu11;
				GCC_NO_COMMON_BLOCKS = YES;
				GCC_WARN_64_TO_32_BIT_CONVERSION = YES;
				GCC_WARN_ABOUT_RETURN_TYPE = YES_ERROR;
				GCC_WARN_UNDECLARED_SELECTOR = YES;
				GCC_WARN_UNINITIALIZED_AUTOS = YES_AGGRESSIVE;
				GCC_WARN_UNUSED_FUNCTION = YES;
				GCC_WARN_UNUSED_VARIABLE = YES;
				IPHONEOS_DEPLOYMENT_TARGET = 13.5;
				MTL_ENABLE_DEBUG_INFO = NO;
				MTL_FAST_MATH = YES;
				SDKROOT = iphoneos;
				SWIFT_COMPILATION_MODE = wholemodule;
				SWIFT_OPTIMIZATION_LEVEL = "-O";
				VALIDATE_PRODUCT = YES;
			};
			name = Release;
		};
		5CC66F9624B60C81005293FB /* Debug */ = {
			isa = XCBuildConfiguration;
			buildSettings = {
				ASSETCATALOG_COMPILER_APPICON_NAME = AppIcon;
				CODE_SIGN_STYLE = Automatic;
				DEVELOPMENT_TEAM = 93M7W785Z6;
				INFOPLIST_FILE = StringCalculator/Info.plist;
				LD_RUNPATH_SEARCH_PATHS = (
					"$(inherited)",
					"@executable_path/Frameworks",
				);
				PRODUCT_BUNDLE_IDENTIFIER = com.xpeppers.StringCalculator;
				PRODUCT_NAME = "$(TARGET_NAME)";
				SWIFT_VERSION = 5.0;
				TARGETED_DEVICE_FAMILY = "1,2";
			};
			name = Debug;
		};
		5CC66F9724B60C81005293FB /* Release */ = {
			isa = XCBuildConfiguration;
			buildSettings = {
				ASSETCATALOG_COMPILER_APPICON_NAME = AppIcon;
				CODE_SIGN_STYLE = Automatic;
				DEVELOPMENT_TEAM = 93M7W785Z6;
				INFOPLIST_FILE = StringCalculator/Info.plist;
				LD_RUNPATH_SEARCH_PATHS = (
					"$(inherited)",
					"@executable_path/Frameworks",
				);
				PRODUCT_BUNDLE_IDENTIFIER = com.xpeppers.StringCalculator;
				PRODUCT_NAME = "$(TARGET_NAME)";
				SWIFT_VERSION = 5.0;
				TARGETED_DEVICE_FAMILY = "1,2";
			};
			name = Release;
		};
		5CC66F9924B60C81005293FB /* Debug */ = {
			isa = XCBuildConfiguration;
			buildSettings = {
				ALWAYS_EMBED_SWIFT_STANDARD_LIBRARIES = YES;
				BUNDLE_LOADER = "$(TEST_HOST)";
				CODE_SIGN_STYLE = Automatic;
				DEVELOPMENT_TEAM = 93M7W785Z6;
				INFOPLIST_FILE = StringCalculatorTests/Info.plist;
				IPHONEOS_DEPLOYMENT_TARGET = 13.5;
				LD_RUNPATH_SEARCH_PATHS = (
					"$(inherited)",
					"@executable_path/Frameworks",
					"@loader_path/Frameworks",
				);
				PRODUCT_BUNDLE_IDENTIFIER = com.xpeppers.StringCalculatorTests;
				PRODUCT_NAME = "$(TARGET_NAME)";
				SWIFT_VERSION = 5.0;
				TARGETED_DEVICE_FAMILY = "1,2";
				TEST_HOST = "$(BUILT_PRODUCTS_DIR)/StringCalculator.app/StringCalculator";
			};
			name = Debug;
		};
		5CC66F9A24B60C81005293FB /* Release */ = {
			isa = XCBuildConfiguration;
			buildSettings = {
				ALWAYS_EMBED_SWIFT_STANDARD_LIBRARIES = YES;
				BUNDLE_LOADER = "$(TEST_HOST)";
				CODE_SIGN_STYLE = Automatic;
				DEVELOPMENT_TEAM = 93M7W785Z6;
				INFOPLIST_FILE = StringCalculatorTests/Info.plist;
				IPHONEOS_DEPLOYMENT_TARGET = 13.5;
				LD_RUNPATH_SEARCH_PATHS = (
					"$(inherited)",
					"@executable_path/Frameworks",
					"@loader_path/Frameworks",
				);
				PRODUCT_BUNDLE_IDENTIFIER = com.xpeppers.StringCalculatorTests;
				PRODUCT_NAME = "$(TARGET_NAME)";
				SWIFT_VERSION = 5.0;
				TARGETED_DEVICE_FAMILY = "1,2";
				TEST_HOST = "$(BUILT_PRODUCTS_DIR)/StringCalculator.app/StringCalculator";
			};
			name = Release;
		};
/* End XCBuildConfiguration section */

/* Begin XCConfigurationList section */
		5CC66F7124B60C7E005293FB /* Build configuration list for PBXProject "StringCalculator" */ = {
			isa = XCConfigurationList;
			buildConfigurations = (
				5CC66F9324B60C81005293FB /* Debug */,
				5CC66F9424B60C81005293FB /* Release */,
			);
			defaultConfigurationIsVisible = 0;
			defaultConfigurationName = Release;
		};
		5CC66F9524B60C81005293FB /* Build configuration list for PBXNativeTarget "StringCalculator" */ = {
			isa = XCConfigurationList;
			buildConfigurations = (
				5CC66F9624B60C81005293FB /* Debug */,
				5CC66F9724B60C81005293FB /* Release */,
			);
			defaultConfigurationIsVisible = 0;
			defaultConfigurationName = Release;
		};
		5CC66F9824B60C81005293FB /* Build configuration list for PBXNativeTarget "StringCalculatorTests" */ = {
			isa = XCConfigurationList;
			buildConfigurations = (
				5CC66F9924B60C81005293FB /* Debug */,
				5CC66F9A24B60C81005293FB /* Release */,
			);
			defaultConfigurationIsVisible = 0;
			defaultConfigurationName = Release;
		};
/* End XCConfigurationList section */
	};
	rootObject = 5CC66F6E24B60C7E005293FB /* Project object */;
}
